// !$*UTF8*$!
{
	archiveVersion = 1;
	classes = {
	};
	objectVersion = 48;
	objects = {

/* Begin PBXBuildFile section */
		BA080047200855C6009C2C61 /* AppDelegate.swift in Sources */ = {isa = PBXBuildFile; fileRef = BA080046200855C6009C2C61 /* AppDelegate.swift */; };
		BA080049200855C6009C2C61 /* ViewController.swift in Sources */ = {isa = PBXBuildFile; fileRef = BA080048200855C6009C2C61 /* ViewController.swift */; };
		BA08004C200855C6009C2C61 /* Main.storyboard in Resources */ = {isa = PBXBuildFile; fileRef = BA08004A200855C6009C2C61 /* Main.storyboard */; };
		BA08004E200855C6009C2C61 /* Assets.xcassets in Resources */ = {isa = PBXBuildFile; fileRef = BA08004D200855C6009C2C61 /* Assets.xcassets */; };
		BA080051200855C6009C2C61 /* LaunchScreen.storyboard in Resources */ = {isa = PBXBuildFile; fileRef = BA08004F200855C6009C2C61 /* LaunchScreen.storyboard */; };
		BA08005C200855C6009C2C61 /* StacksOnStacksTests.swift in Sources */ = {isa = PBXBuildFile; fileRef = BA08005B200855C6009C2C61 /* StacksOnStacksTests.swift */; };
/* End PBXBuildFile section */

/* Begin PBXContainerItemProxy section */
		BA080058200855C6009C2C61 /* PBXContainerItemProxy */ = {
			isa = PBXContainerItemProxy;
			containerPortal = BA08003B200855C6009C2C61 /* Project object */;
			proxyType = 1;
			remoteGlobalIDString = BA080042200855C6009C2C61;
			remoteInfo = StacksOnStacks;
		};
/* End PBXContainerItemProxy section */

/* Begin PBXFileReference section */
		BA080043200855C6009C2C61 /* StacksOnStacks.app */ = {isa = PBXFileReference; explicitFileType = wrapper.application; includeInIndex = 0; path = StacksOnStacks.app; sourceTree = BUILT_PRODUCTS_DIR; };
		BA080046200855C6009C2C61 /* AppDelegate.swift */ = {isa = PBXFileReference; lastKnownFileType = sourcecode.swift; path = AppDelegate.swift; sourceTree = "<group>"; };
		BA080048200855C6009C2C61 /* ViewController.swift */ = {isa = PBXFileReference; lastKnownFileType = sourcecode.swift; path = ViewController.swift; sourceTree = "<group>"; };
		BA08004B200855C6009C2C61 /* Base */ = {isa = PBXFileReference; lastKnownFileType = file.storyboard; name = Base; path = Base.lproj/Main.storyboard; sourceTree = "<group>"; };
		BA08004D200855C6009C2C61 /* Assets.xcassets */ = {isa = PBXFileReference; lastKnownFileType = folder.assetcatalog; path = Assets.xcassets; sourceTree = "<group>"; };
		BA080050200855C6009C2C61 /* Base */ = {isa = PBXFileReference; lastKnownFileType = file.storyboard; name = Base; path = Base.lproj/LaunchScreen.storyboard; sourceTree = "<group>"; };
		BA080052200855C6009C2C61 /* Info.plist */ = {isa = PBXFileReference; lastKnownFileType = text.plist.xml; path = Info.plist; sourceTree = "<group>"; };
		BA080057200855C6009C2C61 /* StacksOnStacksTests.xctest */ = {isa = PBXFileReference; explicitFileType = wrapper.cfbundle; includeInIndex = 0; path = StacksOnStacksTests.xctest; sourceTree = BUILT_PRODUCTS_DIR; };
		BA08005B200855C6009C2C61 /* StacksOnStacksTests.swift */ = {isa = PBXFileReference; lastKnownFileType = sourcecode.swift; path = StacksOnStacksTests.swift; sourceTree = "<group>"; };
		BA08005D200855C6009C2C61 /* Info.plist */ = {isa = PBXFileReference; lastKnownFileType = text.plist.xml; path = Info.plist; sourceTree = "<group>"; };
/* End PBXFileReference section */

/* Begin PBXFrameworksBuildPhase section */
		BA080040200855C6009C2C61 /* Frameworks */ = {
			isa = PBXFrameworksBuildPhase;
			buildActionMask = 2147483647;
			files = (
			);
			runOnlyForDeploymentPostprocessing = 0;
		};
		BA080054200855C6009C2C61 /* Frameworks */ = {
			isa = PBXFrameworksBuildPhase;
			buildActionMask = 2147483647;
			files = (
			);
			runOnlyForDeploymentPostprocessing = 0;
		};
/* End PBXFrameworksBuildPhase section */

/* Begin PBXGroup section */
		BA08003A200855C6009C2C61 = {
			isa = PBXGroup;
			children = (
				BA080045200855C6009C2C61 /* StacksOnStacks */,
				BA08005A200855C6009C2C61 /* StacksOnStacksTests */,
				BA080044200855C6009C2C61 /* Products */,
			);
			sourceTree = "<group>";
		};
		BA080044200855C6009C2C61 /* Products */ = {
			isa = PBXGroup;
			children = (
				BA080043200855C6009C2C61 /* StacksOnStacks.app */,
				BA080057200855C6009C2C61 /* StacksOnStacksTests.xctest */,
			);
			name = Products;
			sourceTree = "<group>";
		};
		BA080045200855C6009C2C61 /* StacksOnStacks */ = {
			isa = PBXGroup;
			children = (
				BA080046200855C6009C2C61 /* AppDelegate.swift */,
				BA080048200855C6009C2C61 /* ViewController.swift */,
				BA08004A200855C6009C2C61 /* Main.storyboard */,
				BA08004D200855C6009C2C61 /* Assets.xcassets */,
				BA08004F200855C6009C2C61 /* LaunchScreen.storyboard */,
				BA080052200855C6009C2C61 /* Info.plist */,
			);
			path = StacksOnStacks;
			sourceTree = "<group>";
		};
		BA08005A200855C6009C2C61 /* StacksOnStacksTests */ = {
			isa = PBXGroup;
			children = (
				BA08005B200855C6009C2C61 /* StacksOnStacksTests.swift */,
				BA08005D200855C6009C2C61 /* Info.plist */,
			);
			path = StacksOnStacksTests;
			sourceTree = "<group>";
		};
/* End PBXGroup section */

/* Begin PBXNativeTarget section */
		BA080042200855C6009C2C61 /* StacksOnStacks */ = {
			isa = PBXNativeTarget;
			buildConfigurationList = BA080060200855C6009C2C61 /* Build configuration list for PBXNativeTarget "StacksOnStacks" */;
			buildPhases = (
				BA08003F200855C6009C2C61 /* Sources */,
				BA080040200855C6009C2C61 /* Frameworks */,
				BA080041200855C6009C2C61 /* Resources */,
			);
			buildRules = (
			);
			dependencies = (
			);
			name = StacksOnStacks;
			productName = StacksOnStacks;
			productReference = BA080043200855C6009C2C61 /* StacksOnStacks.app */;
			productType = "com.apple.product-type.application";
		};
		BA080056200855C6009C2C61 /* StacksOnStacksTests */ = {
			isa = PBXNativeTarget;
			buildConfigurationList = BA080063200855C6009C2C61 /* Build configuration list for PBXNativeTarget "StacksOnStacksTests" */;
			buildPhases = (
				BA080053200855C6009C2C61 /* Sources */,
				BA080054200855C6009C2C61 /* Frameworks */,
				BA080055200855C6009C2C61 /* Resources */,
			);
			buildRules = (
			);
			dependencies = (
				BA080059200855C6009C2C61 /* PBXTargetDependency */,
			);
			name = StacksOnStacksTests;
			productName = StacksOnStacksTests;
			productReference = BA080057200855C6009C2C61 /* StacksOnStacksTests.xctest */;
			productType = "com.apple.product-type.bundle.unit-test";
		};
/* End PBXNativeTarget section */

/* Begin PBXProject section */
		BA08003B200855C6009C2C61 /* Project object */ = {
			isa = PBXProject;
			attributes = {
				LastSwiftUpdateCheck = 0920;
				LastUpgradeCheck = 0920;
				ORGANIZATIONNAME = "Ezekiel Abuhoff";
				TargetAttributes = {
					BA080042200855C6009C2C61 = {
						CreatedOnToolsVersion = 9.2;
						ProvisioningStyle = Automatic;
					};
					BA080056200855C6009C2C61 = {
						CreatedOnToolsVersion = 9.2;
						ProvisioningStyle = Automatic;
						TestTargetID = BA080042200855C6009C2C61;
					};
				};
			};
			buildConfigurationList = BA08003E200855C6009C2C61 /* Build configuration list for PBXProject "StacksOnStacks" */;
			compatibilityVersion = "Xcode 8.0";
			developmentRegion = en;
			hasScannedForEncodings = 0;
			knownRegions = (
				en,
				Base,
			);
			mainGroup = BA08003A200855C6009C2C61;
			productRefGroup = BA080044200855C6009C2C61 /* Products */;
			projectDirPath = "";
			projectRoot = "";
			targets = (
				BA080042200855C6009C2C61 /* StacksOnStacks */,
				BA080056200855C6009C2C61 /* StacksOnStacksTests */,
			);
		};
/* End PBXProject section */

/* Begin PBXResourcesBuildPhase section */
		BA080041200855C6009C2C61 /* Resources */ = {
			isa = PBXResourcesBuildPhase;
			buildActionMask = 2147483647;
			files = (
				BA080051200855C6009C2C61 /* LaunchScreen.storyboard in Resources */,
				BA08004E200855C6009C2C61 /* Assets.xcassets in Resources */,
				BA08004C200855C6009C2C61 /* Main.storyboard in Resources */,
			);
			runOnlyForDeploymentPostprocessing = 0;
		};
		BA080055200855C6009C2C61 /* Resources */ = {
			isa = PBXResourcesBuildPhase;
			buildActionMask = 2147483647;
			files = (
			);
			runOnlyForDeploymentPostprocessing = 0;
		};
/* End PBXResourcesBuildPhase section */

/* Begin PBXSourcesBuildPhase section */
		BA08003F200855C6009C2C61 /* Sources */ = {
			isa = PBXSourcesBuildPhase;
			buildActionMask = 2147483647;
			files = (
				BA080049200855C6009C2C61 /* ViewController.swift in Sources */,
				BA080047200855C6009C2C61 /* AppDelegate.swift in Sources */,
			);
			runOnlyForDeploymentPostprocessing = 0;
		};
		BA080053200855C6009C2C61 /* Sources */ = {
			isa = PBXSourcesBuildPhase;
			buildActionMask = 2147483647;
			files = (
				BA08005C200855C6009C2C61 /* StacksOnStacksTests.swift in Sources */,
			);
			runOnlyForDeploymentPostprocessing = 0;
		};
/* End PBXSourcesBuildPhase section */

/* Begin PBXTargetDependency section */
		BA080059200855C6009C2C61 /* PBXTargetDependency */ = {
			isa = PBXTargetDependency;
			target = BA080042200855C6009C2C61 /* StacksOnStacks */;
			targetProxy = BA080058200855C6009C2C61 /* PBXContainerItemProxy */;
		};
/* End PBXTargetDependency section */

/* Begin PBXVariantGroup section */
		BA08004A200855C6009C2C61 /* Main.storyboard */ = {
			isa = PBXVariantGroup;
			children = (
				BA08004B200855C6009C2C61 /* Base */,
			);
			name = Main.storyboard;
			sourceTree = "<group>";
		};
		BA08004F200855C6009C2C61 /* LaunchScreen.storyboard */ = {
			isa = PBXVariantGroup;
			children = (
				BA080050200855C6009C2C61 /* Base */,
			);
			name = LaunchScreen.storyboard;
			sourceTree = "<group>";
		};
/* End PBXVariantGroup section */

/* Begin XCBuildConfiguration section */
		BA08005E200855C6009C2C61 /* Debug */ = {
			isa = XCBuildConfiguration;
			buildSettings = {
				ALWAYS_SEARCH_USER_PATHS = NO;
				CLANG_ANALYZER_NONNULL = YES;
				CLANG_ANALYZER_NUMBER_OBJECT_CONVERSION = YES_AGGRESSIVE;
				CLANG_CXX_LANGUAGE_STANDARD = "gnu++14";
				CLANG_CXX_LIBRARY = "libc++";
				CLANG_ENABLE_MODULES = YES;
				CLANG_ENABLE_OBJC_ARC = YES;
				CLANG_WARN_BLOCK_CAPTURE_AUTORELEASING = YES;
				CLANG_WARN_BOOL_CONVERSION = YES;
				CLANG_WARN_COMMA = YES;
				CLANG_WARN_CONSTANT_CONVERSION = YES;
				CLANG_WARN_DIRECT_OBJC_ISA_USAGE = YES_ERROR;
				CLANG_WARN_DOCUMENTATION_COMMENTS = YES;
				CLANG_WARN_EMPTY_BODY = YES;
				CLANG_WARN_ENUM_CONVERSION = YES;
				CLANG_WARN_INFINITE_RECURSION = YES;
				CLANG_WARN_INT_CONVERSION = YES;
				CLANG_WARN_NON_LITERAL_NULL_CONVERSION = YES;
				CLANG_WARN_OBJC_LITERAL_CONVERSION = YES;
				CLANG_WARN_OBJC_ROOT_CLASS = YES_ERROR;
				CLANG_WARN_RANGE_LOOP_ANALYSIS = YES;
				CLANG_WARN_STRICT_PROTOTYPES = YES;
				CLANG_WARN_SUSPICIOUS_MOVE = YES;
				CLANG_WARN_UNGUARDED_AVAILABILITY = YES_AGGRESSIVE;
				CLANG_WARN_UNREACHABLE_CODE = YES;
				CLANG_WARN__DUPLICATE_METHOD_MATCH = YES;
				CODE_SIGN_IDENTITY = "iPhone Developer";
				COPY_PHASE_STRIP = NO;
				DEBUG_INFORMATION_FORMAT = dwarf;
				ENABLE_STRICT_OBJC_MSGSEND = YES;
				ENABLE_TESTABILITY = YES;
				GCC_C_LANGUAGE_STANDARD = gnu11;
				GCC_DYNAMIC_NO_PIC = NO;
				GCC_NO_COMMON_BLOCKS = YES;
				GCC_OPTIMIZATION_LEVEL = 0;
				GCC_PREPROCESSOR_DEFINITIONS = (
					"DEBUG=1",
					"$(inherited)",
				);
				GCC_WARN_64_TO_32_BIT_CONVERSION = YES;
				GCC_WARN_ABOUT_RETURN_TYPE = YES_ERROR;
				GCC_WARN_UNDECLARED_SELECTOR = YES;
				GCC_WARN_UNINITIALIZED_AUTOS = YES_AGGRESSIVE;
				GCC_WARN_UNUSED_FUNCTION = YES;
				GCC_WARN_UNUSED_VARIABLE = YES;
				IPHONEOS_DEPLOYMENT_TARGET = 11.2;
				MTL_ENABLE_DEBUG_INFO = YES;
				ONLY_ACTIVE_ARCH = YES;
				SDKROOT = iphoneos;
				SWIFT_ACTIVE_COMPILATION_CONDITIONS = DEBUG;
				SWIFT_OPTIMIZATION_LEVEL = "-Onone";
			};
			name = Debug;
		};
		BA08005F200855C6009C2C61 /* Release */ = {
			isa = XCBuildConfiguration;
			buildSettings = {
				ALWAYS_SEARCH_USER_PATHS = NO;
				CLANG_ANALYZER_NONNULL = YES;
				CLANG_ANALYZER_NUMBER_OBJECT_CONVERSION = YES_AGGRESSIVE;
				CLANG_CXX_LANGUAGE_STANDARD = "gnu++14";
				CLANG_CXX_LIBRARY = "libc++";
				CLANG_ENABLE_MODULES = YES;
				CLANG_ENABLE_OBJC_ARC = YES;
				CLANG_WARN_BLOCK_CAPTURE_AUTORELEASING = YES;
				CLANG_WARN_BOOL_CONVERSION = YES;
				CLANG_WARN_COMMA = YES;
				CLANG_WARN_CONSTANT_CONVERSION = YES;
				CLANG_WARN_DIRECT_OBJC_ISA_USAGE = YES_ERROR;
				CLANG_WARN_DOCUMENTATION_COMMENTS = YES;
				CLANG_WARN_EMPTY_BODY = YES;
				CLANG_WARN_ENUM_CONVERSION = YES;
				CLANG_WARN_INFINITE_RECURSION = YES;
				CLANG_WARN_INT_CONVERSION = YES;
				CLANG_WARN_NON_LITERAL_NULL_CONVERSION = YES;
				CLANG_WARN_OBJC_LITERAL_CONVERSION = YES;
				CLANG_WARN_OBJC_ROOT_CLASS = YES_ERROR;
				CLANG_WARN_RANGE_LOOP_ANALYSIS = YES;
				CLANG_WARN_STRICT_PROTOTYPES = YES;
				CLANG_WARN_SUSPICIOUS_MOVE = YES;
				CLANG_WARN_UNGUARDED_AVAILABILITY = YES_AGGRESSIVE;
				CLANG_WARN_UNREACHABLE_CODE = YES;
				CLANG_WARN__DUPLICATE_METHOD_MATCH = YES;
				CODE_SIGN_IDENTITY = "iPhone Developer";
				COPY_PHASE_STRIP = NO;
				DEBUG_INFORMATION_FORMAT = "dwarf-with-dsym";
				ENABLE_NS_ASSERTIONS = NO;
				ENABLE_STRICT_OBJC_MSGSEND = YES;
				GCC_C_LANGUAGE_STANDARD = gnu11;
				GCC_NO_COMMON_BLOCKS = YES;
				GCC_WARN_64_TO_32_BIT_CONVERSION = YES;
				GCC_WARN_ABOUT_RETURN_TYPE = YES_ERROR;
				GCC_WARN_UNDECLARED_SELECTOR = YES;
				GCC_WARN_UNINITIALIZED_AUTOS = YES_AGGRESSIVE;
				GCC_WARN_UNUSED_FUNCTION = YES;
				GCC_WARN_UNUSED_VARIABLE = YES;
				IPHONEOS_DEPLOYMENT_TARGET = 11.2;
				MTL_ENABLE_DEBUG_INFO = NO;
				SDKROOT = iphoneos;
				SWIFT_OPTIMIZATION_LEVEL = "-Owholemodule";
				VALIDATE_PRODUCT = YES;
			};
			name = Release;
		};
		BA080061200855C6009C2C61 /* Debug */ = {
			isa = XCBuildConfiguration;
			buildSettings = {
				ASSETCATALOG_COMPILER_APPICON_NAME = AppIcon;
				CODE_SIGN_STYLE = Automatic;
				DEVELOPMENT_TEAM = Y8S79T498T;
				INFOPLIST_FILE = StacksOnStacks/Info.plist;
				LD_RUNPATH_SEARCH_PATHS = "$(inherited) @executable_path/Frameworks";
				PRODUCT_BUNDLE_IDENTIFIER = ZA.StacksOnStacks;
				PRODUCT_NAME = "$(TARGET_NAME)";
				SWIFT_VERSION = 4.0;
				TARGETED_DEVICE_FAMILY = "1,2";
			};
			name = Debug;
		};
		BA080062200855C6009C2C61 /* Release */ = {
			isa = XCBuildConfiguration;
			buildSettings = {
				ASSETCATALOG_COMPILER_APPICON_NAME = AppIcon;
				CODE_SIGN_STYLE = Automatic;
				DEVELOPMENT_TEAM = Y8S79T498T;
				INFOPLIST_FILE = StacksOnStacks/Info.plist;
				LD_RUNPATH_SEARCH_PATHS = "$(inherited) @executable_path/Frameworks";
				PRODUCT_BUNDLE_IDENTIFIER = ZA.StacksOnStacks;
				PRODUCT_NAME = "$(TARGET_NAME)";
				SWIFT_VERSION = 4.0;
				TARGETED_DEVICE_FAMILY = "1,2";
			};
			name = Release;
		};
		BA080064200855C6009C2C61 /* Debug */ = {
			isa = XCBuildConfiguration;
			buildSettings = {
				ALWAYS_EMBED_SWIFT_STANDARD_LIBRARIES = YES;
				BUNDLE_LOADER = "$(TEST_HOST)";
				CODE_SIGN_STYLE = Automatic;
				DEVELOPMENT_TEAM = Y8S79T498T;
				INFOPLIST_FILE = StacksOnStacksTests/Info.plist;
				LD_RUNPATH_SEARCH_PATHS = "$(inherited) @executable_path/Frameworks @loader_path/Frameworks";
				PRODUCT_BUNDLE_IDENTIFIER = ZA.StacksOnStacksTests;
				PRODUCT_NAME = "$(TARGET_NAME)";
				SWIFT_VERSION = 4.0;
				TARGETED_DEVICE_FAMILY = "1,2";
				TEST_HOST = "$(BUILT_PRODUCTS_DIR)/StacksOnStacks.app/StacksOnStacks";
			};
			name = Debug;
		};
		BA080065200855C6009C2C61 /* Release */ = {
			isa = XCBuildConfiguration;
			buildSettings = {
				ALWAYS_EMBED_SWIFT_STANDARD_LIBRARIES = YES;
				BUNDLE_LOADER = "$(TEST_HOST)";
				CODE_SIGN_STYLE = Automatic;
				DEVELOPMENT_TEAM = Y8S79T498T;
				INFOPLIST_FILE = StacksOnStacksTests/Info.plist;
				LD_RUNPATH_SEARCH_PATHS = "$(inherited) @executable_path/Frameworks @loader_path/Frameworks";
				PRODUCT_BUNDLE_IDENTIFIER = ZA.StacksOnStacksTests;
				PRODUCT_NAME = "$(TARGET_NAME)";
				SWIFT_VERSION = 4.0;
				TARGETED_DEVICE_FAMILY = "1,2";
				TEST_HOST = "$(BUILT_PRODUCTS_DIR)/StacksOnStacks.app/StacksOnStacks";
			};
			name = Release;
		};
/* End XCBuildConfiguration section */

/* Begin XCConfigurationList section */
		BA08003E200855C6009C2C61 /* Build configuration list for PBXProject "StacksOnStacks" */ = {
			isa = XCConfigurationList;
			buildConfigurations = (
				BA08005E200855C6009C2C61 /* Debug */,
				BA08005F200855C6009C2C61 /* Release */,
			);
			defaultConfigurationIsVisible = 0;
			defaultConfigurationName = Release;
		};
		BA080060200855C6009C2C61 /* Build configuration list for PBXNativeTarget "StacksOnStacks" */ = {
			isa = XCConfigurationList;
			buildConfigurations = (
				BA080061200855C6009C2C61 /* Debug */,
				BA080062200855C6009C2C61 /* Release */,
			);
			defaultConfigurationIsVisible = 0;
			defaultConfigurationName = Release;
		};
		BA080063200855C6009C2C61 /* Build configuration list for PBXNativeTarget "StacksOnStacksTests" */ = {
			isa = XCConfigurationList;
			buildConfigurations = (
				BA080064200855C6009C2C61 /* Debug */,
				BA080065200855C6009C2C61 /* Release */,
			);
			defaultConfigurationIsVisible = 0;
			defaultConfigurationName = Release;
		};
/* End XCConfigurationList section */
	};
	rootObject = BA08003B200855C6009C2C61 /* Project object */;
}
